{
  "lockfileVersion": 2,
  "configVersion": 1,
  "workspaces": {
    "": {
      "name": "codem-silverstripe-damn-fine-uploader",
      "dependencies": {
        "@uppy/core": "^4",
        "@uppy/dashboard": "^4",
        "@uppy/drag-drop": "^4",
        "@uppy/xhr-upload": "^4",
      },
    },
  },
  "packages": {
    "@transloadit/prettier-bytes": ["@transloadit/prettier-bytes@0.3.5", "", {}, "sha512-xF4A3d/ZyX2LJWeQZREZQw+qFX4TGQ8bGVP97OLRt6sPO6T0TNHBFTuRHOJh7RNmYOBmQ9MHxpolD9bXihpuVA=="],

    "@types/retry": ["@types/retry@0.12.2", "", {}, "sha512-XISRgDJ2Tc5q4TRqvgJtzsRkFYNJzZrhTdtMoGVBttwzzQJkPnS3WWTFc7kuDRoPtPakl+T+OfdEUjYJj7Jbow=="],

    "@uppy/companion-client": ["@uppy/companion-client@4.5.2", "", { "dependencies": { "@uppy/utils": "^6.2.2", "namespace-emitter": "^2.0.1", "p-retry": "^6.1.0" }, "peerDependencies": { "@uppy/core": "^4.5.2" } }, "sha512-hfUsReHM5COhn+5d7CdZgZaG8BtDvtwj7vjXzg8qmgKI901mYUm/Zh420iOKT7eHiofKVTNoa7oijeGrqUEnyg=="],

    "@uppy/core": ["@uppy/core@4.5.3", "", { "dependencies": { "@transloadit/prettier-bytes": "^0.3.4", "@uppy/store-default": "^4.3.2", "@uppy/utils": "^6.2.2", "lodash": "^4.17.21", "mime-match": "^1.0.2", "namespace-emitter": "^2.0.1", "nanoid": "^5.0.9", "preact": "^10.5.13" } }, "sha512-52VLeBUY/j904h48lpPGykuWikkOOS4Lz/qkmalDiBQfNALb6iB1MOZs079IM3o/uMLYxzZRL80C3sKpkBUYcw=="],

    "@uppy/dashboard": ["@uppy/dashboard@4.4.3", "", { "dependencies": { "@transloadit/prettier-bytes": "^0.3.4", "@uppy/informer": "^4.3.2", "@uppy/provider-views": "^4.5.2", "@uppy/status-bar": "^4.2.3", "@uppy/thumbnail-generator": "^4.2.2", "@uppy/utils": "^6.2.2", "classnames": "^2.2.6", "lodash": "^4.17.21", "nanoid": "^5.0.9", "preact": "^10.5.13", "shallow-equal": "^3.0.0" }, "peerDependencies": { "@uppy/core": "^4.5.2" } }, "sha512-IwgDDTbk9p4OoAJvvvx6sQSemKTIJq9IDSryNVgbbC6NiR9HSyRcu0+WdOZLiR9DOhDg2oYcoNgv7DMlrktI6g=="],

    "@uppy/drag-drop": ["@uppy/drag-drop@4.2.2", "", { "dependencies": { "@uppy/utils": "^6.2.2", "preact": "^10.5.13" }, "peerDependencies": { "@uppy/core": "^4.5.2" } }, "sha512-SlVl+lHC8TvCKW4B9L4pdb0n8mEVgACHjKXGWcy7EUsTrRphv3ugmkbIFL57XpmFR+AFMuPblOsKq/9nkPkHOQ=="],

    "@uppy/informer": ["@uppy/informer@4.3.2", "", { "dependencies": { "@uppy/utils": "^6.2.2", "preact": "^10.5.13" }, "peerDependencies": { "@uppy/core": "^4.5.2" } }, "sha512-7A9X8BfxR/GPtG0MGbQlmj1+G1o9fqeF3qtRh37ZvmZpapnEGtbstQ6Ao2vFm0uxYxOolLOMzFs/xCD27NKAvg=="],

    "@uppy/provider-views": ["@uppy/provider-views@4.5.3", "", { "dependencies": { "@uppy/utils": "^6.2.2", "classnames": "^2.2.6", "nanoid": "^5.0.9", "p-queue": "^8.0.0", "preact": "^10.5.13" }, "peerDependencies": { "@uppy/core": "^4.5.3" } }, "sha512-zExJSlkqRPl65KKG+SMTdP0OCawYMpo/FaKE8xjqHhx/rkACe6QNExCahpEGGjLo7Rr2j7FooAuA3UWmYiyWCg=="],

    "@uppy/status-bar": ["@uppy/status-bar@4.2.3", "", { "dependencies": { "@transloadit/prettier-bytes": "^0.3.4", "@uppy/utils": "^6.2.2", "classnames": "^2.2.6", "preact": "^10.5.13" }, "peerDependencies": { "@uppy/core": "^4.5.2" } }, "sha512-0AtKdvNm3HHobuE4N0V8SrC3uWB9MQnjqMEL/gachW/1mi7iZ22V4veHd6Wub/tCBQAQbEklvz7d0hxcz/Fh9g=="],

    "@uppy/store-default": ["@uppy/store-default@4.3.2", "", {}, "sha512-dnY9R2o8fwmO1bF89D0b5jijD7DGED2qVST5hI/j18JreLWzLKH7u6HuNmOvzok8msrQ/qWzQd5Gx4LDQKhBbw=="],

    "@uppy/thumbnail-generator": ["@uppy/thumbnail-generator@4.2.3", "", { "dependencies": { "@uppy/utils": "^6.2.2", "exifr": "^7.0.0" }, "peerDependencies": { "@uppy/core": "^4.5.3" } }, "sha512-qOfJzlHhaD8DmOH/50DMLNN5/E2qCYCJnikFgTZZbuPx6sUOtPGRrHBE8q/ELxVMB5gD3zGi/Fh2SwKGrGoxGA=="],

    "@uppy/utils": ["@uppy/utils@6.2.2", "", { "dependencies": { "lodash": "^4.17.21", "preact": "^10.5.13" } }, "sha512-9mYJtbcngv2HOJIECkyfmdXTI5dW/ObCyvWP1Iti3E5bKtsa4sMmbx5Yh/tGCj8k/lBNhfvWyZuYnvnjmzNLSQ=="],

    "@uppy/xhr-upload": ["@uppy/xhr-upload@4.4.2", "", { "dependencies": { "@uppy/companion-client": "^4.5.2", "@uppy/utils": "^6.2.2" }, "peerDependencies": { "@uppy/core": "^4.5.2" } }, "sha512-CU66aVn4yghGklEkepCqFPulc6uygznApy2DpD+jCMLNB5q6yT1RPSrQUgRgXsYhpW1YhutZJWsrEnHEDS+Tcw=="],

    "classnames": ["classnames@2.5.1", "", {}, "sha512-saHYOzhIQs6wy2sVxTM6bUDsQO4F50V9RQ22qBpEdCW+I+/Wmke2HOl6lS6dTpdxVhb88/I6+Hs+438c3lfUow=="],

    "eventemitter3": ["eventemitter3@5.0.4", "", {}, "sha512-mlsTRyGaPBjPedk6Bvw+aqbsXDtoAyAzm5MO7JgU+yVRyMQ5O8bD4Kcci7BS85f93veegeCPkL8R4GLClnjLFw=="],

    "exifr": ["exifr@7.1.3", "", {}, "sha512-g/aje2noHivrRSLbAUtBPWFbxKdKhgj/xr1vATDdUXPOFYJlQ62Ft0oy+72V6XLIpDJfHs6gXLbBLAolqOXYRw=="],

    "is-network-error": ["is-network-error@1.3.2", "", {}, "sha512-PhBY86zaxNZUuWP6h13Vu5oFe0XY6/UlKzQnYFELzGVHygP3MxmvTfYSG7GN3aIab/iWudSMgjSnG9Dq+nHrgA=="],

    "lodash": ["lodash@4.18.1", "", {}, "sha512-dMInicTPVE8d1e5otfwmmjlxkZoUpiVLwyeTdUsi/Caj/gfzzblBcCE5sRHV/AsjuCmxWrte2TNGSYuCeCq+0Q=="],

    "mime-match": ["mime-match@1.0.2", "", { "dependencies": { "wildcard": "^1.1.0" } }, "sha512-VXp/ugGDVh3eCLOBCiHZMYWQaTNUHv2IJrut+yXA6+JbLPXHglHwfS/5A5L0ll+jkCY7fIzRJcH6OIunF+c6Cg=="],

    "namespace-emitter": ["namespace-emitter@2.0.1", "", {}, "sha512-N/sMKHniSDJBjfrkbS/tpkPj4RAbvW3mr8UAzvlMHyun93XEm83IAvhWtJVHo+RHn/oO8Job5YN4b+wRjSVp5g=="],

    "nanoid": ["nanoid@5.1.16", "", { "bin": { "nanoid": "bin/nanoid.js" } }, "sha512-kVrnsrJqMR8+oLJnGEmSWw9BivK5mt7H3FZatVRjrc5wGqFYuBxX1yG7+A7Gi5AefkX6t/oCkizcQgpu0cY1dQ=="],

    "p-queue": ["p-queue@8.1.1", "", { "dependencies": { "eventemitter3": "^5.0.1", "p-timeout": "^6.1.2" } }, "sha512-aNZ+VfjobsWryoiPnEApGGmf5WmNsCo9xu8dfaYamG5qaLP7ClhLN6NgsFe6SwJ2UbLEBK5dv9x8Mn5+RVhMWQ=="],

    "p-retry": ["p-retry@6.2.1", "", { "dependencies": { "@types/retry": "0.12.2", "is-network-error": "^1.0.0", "retry": "^0.13.1" } }, "sha512-hEt02O4hUct5wtwg4H4KcWgDdm+l1bOaEy/hWzd8xtXB9BqxTWBBhb+2ImAtH4Cv4rPjV76xN3Zumqk3k3AhhQ=="],

    "p-timeout": ["p-timeout@6.1.4", "", {}, "sha512-MyIV3ZA/PmyBN/ud8vV9XzwTrNtR4jFrObymZYnZqMmW0zA8Z17vnT0rBgFE/TlohB+YCHqXMgZzb3Csp49vqg=="],

    "preact": ["preact@10.29.8", "", { "peerDependencies": { "preact-render-to-string": ">=5" }, "optionalPeers": ["preact-render-to-string"] }, "sha512-ej2aVZ+vZ8WO7tvlQWRM9N63A0KzF9q4mWJfDUHgYaIofWY9hu74QdnQrjoPMmZi2/nZ5gN0bJCQF49xQqx09Q=="],

    "retry": ["retry@0.13.1", "", {}, "sha512-XQBQ3I8W1Cge0Seh+6gjj03LbmRFWuoszgK9ooCpwYIrhhoO80pfq4cUkU5DkknwfOfFteRwlZ56PYOGYyFWdg=="],

    "shallow-equal": ["shallow-equal@3.1.0", "", {}, "sha512-pfVOw8QZIXpMbhBWvzBISicvToTiM5WBF1EeAUZDDSb5Dt29yl4AYbyywbJFSEsRUMr7gJaxqCdr4L3tQf9wVg=="],

    "wildcard": ["wildcard@1.1.2", "", {}, "sha512-DXukZJxpHA8LuotRwL0pP1+rS6CS7FF2qStDDE1C7DDg2rLud2PXRMuEDYIPhgEezwnlHNL4c+N6MfMTjCGTng=="],
  }
}
